
Microsoft Visual Studio Solution File, Format Version 12.00
# Visual Studio Version 17
VisualStudioVersion = 17.9.34723.18
MinimumVisualStudioVersion = 10.0.40219.1
Project("{FAE04EC0-301F-11D3-BF4B-00C04F79EFBC}") = "Lorekeeper Fabien ARTHUR", "Lorekeeper Fabien ARTHUR\Lorekeeper Fabien ARTHUR.csproj", "{5A84E9BB-441D-41A0-AD7A-1C1F59C2812D}"
EndProject
Global
	GlobalSection(SolutionConfigurationPlatforms) = preSolution
		Debug|Any CPU = Debug|Any CPU
		Release|Any CPU = Release|Any CPU
	EndGlobalSection
	GlobalSection(ProjectConfigurationPlatforms) = postSolution
		{5A84E9BB-441D-41A0-AD7A-1C1F59C2812D}.Debug|Any CPU.ActiveCfg = Debug|Any CPU
		{5A84E9BB-441D-41A0-AD7A-1C1F59C2812D}.Debug|Any CPU.Build.0 = Debug|Any CPU
		{5A84E9BB-441D-41A0-AD7A-1C1F59C2812D}.Release|Any CPU.ActiveCfg = Release|Any CPU
		{5A84E9BB-441D-41A0-AD7A-1C1F59C2812D}.Release|Any CPU.Build.0 = Release|Any CPU
	EndGlobalSection
	GlobalSection(SolutionProperties) = preSolution
		HideSolutionNode = FALSE
	EndGlobalSection
	GlobalSection(ExtensibilityGlobals) = postSolution
		SolutionGuid = {D1D545FA-9679-4835-BD1D-01F76EABDBA5}
	EndGlobalSection
EndGlobal
